
Microsoft Visual Studio Solution File, Format Version 12.00
# Visual Studio 15
VisualStudioVersion = 15.0.28010.2046
MinimumVisualStudioVersion = 10.0.40219.1
Project("{9A19103F-16F7-4668-BE54-9A1E7A4F7556}") = "MyAPI", "MyAPI\MyAPI.csproj", "{3AD1D7A4-00EE-4DDD-8F4D-CCF1EFEC4758}"
EndProject
Project("{FAE04EC0-301F-11D3-BF4B-00C04F79EFBC}") = "TestIntegration", "TestIntegration\TestIntegration.csproj", "{B6D0F8F9-F8DF-42CB-AE5A-99ECBB1EEFDF}"
EndProject
Global
	GlobalSection(SolutionConfigurationPlatforms) = preSolution
		Debug|Any CPU = Debug|Any CPU
		Release|Any CPU = Release|Any CPU
	EndGlobalSection
	GlobalSection(ProjectConfigurationPlatforms) = postSolution
		{3AD1D7A4-00EE-4DDD-8F4D-CCF1EFEC4758}.Debug|Any CPU.ActiveCfg = Debug|Any CPU
		{3AD1D7A4-00EE-4DDD-8F4D-CCF1EFEC4758}.Debug|Any CPU.Build.0 = Debug|Any CPU
		{3AD1D7A4-00EE-4DDD-8F4D-CCF1EFEC4758}.Release|Any CPU.ActiveCfg = Release|Any CPU
		{3AD1D7A4-00EE-4DDD-8F4D-CCF1EFEC4758}.Release|Any CPU.Build.0 = Release|Any CPU
		{B6D0F8F9-F8DF-42CB-AE5A-99ECBB1EEFDF}.Debug|Any CPU.ActiveCfg = Debug|Any CPU
		{B6D0F8F9-F8DF-42CB-AE5A-99ECBB1EEFDF}.Debug|Any CPU.Build.0 = Debug|Any CPU
		{B6D0F8F9-F8DF-42CB-AE5A-99ECBB1EEFDF}.Release|Any CPU.ActiveCfg = Release|Any CPU
		{B6D0F8F9-F8DF-42CB-AE5A-99ECBB1EEFDF}.Release|Any CPU.Build.0 = Release|Any CPU
	EndGlobalSection
	GlobalSection(SolutionProperties) = preSolution
		HideSolutionNode = FALSE
	EndGlobalSection
	GlobalSection(ExtensibilityGlobals) = postSolution
		SolutionGuid = {4E91F52B-20F0-441A-B7A9-8E01F3DD2896}
	EndGlobalSection
EndGlobal
